
Microsoft Visual Studio Solution File, Format Version 12.00
# Visual Studio Version 17
VisualStudioVersion = 17.0.31903.59
MinimumVisualStudioVersion = 10.0.40219.1
Project("{9A19103F-16F7-4668-BE54-9A1E7A4F7556}") = "JSONCanvasDotNet", "JSONCanvasDotNet.csproj", "{992BEE44-9ACB-4AE5-B608-8CCE27A6FBCB}"
EndProject
Project("{FAE04EC0-301F-11D3-BF4B-00C04F79EFBC}") = "JSONCanvasDotNetCLI", "..\JSONCanvasDotNetCLI\JSONCanvasDotNetCLI.csproj", "{97FE8C7E-5FA5-4F64-A27E-1D31354FEF8D}"
EndProject
Global
	GlobalSection(SolutionConfigurationPlatforms) = preSolution
		Debug|Any CPU = Debug|Any CPU
		Release|Any CPU = Release|Any CPU
	EndGlobalSection
	GlobalSection(ProjectConfigurationPlatforms) = postSolution
		{992BEE44-9ACB-4AE5-B608-8CCE27A6FBCB}.Debug|Any CPU.ActiveCfg = Debug|Any CPU
		{992BEE44-9ACB-4AE5-B608-8CCE27A6FBCB}.Debug|Any CPU.Build.0 = Debug|Any CPU
		{992BEE44-9ACB-4AE5-B608-8CCE27A6FBCB}.Release|Any CPU.ActiveCfg = Release|Any CPU
		{992BEE44-9ACB-4AE5-B608-8CCE27A6FBCB}.Release|Any CPU.Build.0 = Release|Any CPU
		{97FE8C7E-5FA5-4F64-A27E-1D31354FEF8D}.Debug|Any CPU.ActiveCfg = Debug|Any CPU
		{97FE8C7E-5FA5-4F64-A27E-1D31354FEF8D}.Debug|Any CPU.Build.0 = Debug|Any CPU
		{97FE8C7E-5FA5-4F64-A27E-1D31354FEF8D}.Release|Any CPU.ActiveCfg = Release|Any CPU
		{97FE8C7E-5FA5-4F64-A27E-1D31354FEF8D}.Release|Any CPU.Build.0 = Release|Any CPU
	EndGlobalSection
	GlobalSection(SolutionProperties) = preSolution
		HideSolutionNode = FALSE
	EndGlobalSection
	GlobalSection(ExtensibilityGlobals) = postSolution
		SolutionGuid = {5A66C50B-99A8-48D5-AD03-AD2C739E454B}
	EndGlobalSection
EndGlobal
